
Microsoft Visual Studio Solution File, Format Version 12.00
Project("{FAE04EC0-301F-11D3-BF4B-00C04F79EFBC}") = "Tutorial8", "Tutorial8\Tutorial8.csproj", "{AF20F02E-E5B8-4458-A673-D21B0ED2DB56}"
EndProject
Global
	GlobalSection(SolutionConfigurationPlatforms) = preSolution
		Debug|Any CPU = Debug|Any CPU
		Release|Any CPU = Release|Any CPU
	EndGlobalSection
	GlobalSection(ProjectConfigurationPlatforms) = postSolution
		{AF20F02E-E5B8-4458-A673-D21B0ED2DB56}.Debug|Any CPU.ActiveCfg = Debug|Any CPU
		{AF20F02E-E5B8-4458-A673-D21B0ED2DB56}.Debug|Any CPU.Build.0 = Debug|Any CPU
		{AF20F02E-E5B8-4458-A673-D21B0ED2DB56}.Release|Any CPU.ActiveCfg = Release|Any CPU
		{AF20F02E-E5B8-4458-A673-D21B0ED2DB56}.Release|Any CPU.Build.0 = Release|Any CPU
	EndGlobalSection
EndGlobal
